// !$*UTF8*$!
{
	archiveVersion = 1;
	classes = {
	};
	objectVersion = 56;
	objects = {

/* Begin PBXBuildFile section */
		C0586B3729532AD100623D05 /* Alamofire in Frameworks */ = {isa = PBXBuildFile; productRef = C0586B3629532AD100623D05 /* Alamofire */; };
		C082FFD429531C5700987AE9 /* PostModel.swift in Sources */ = {isa = PBXBuildFile; fileRef = C082FFD329531C5700987AE9 /* PostModel.swift */; };
		C082FFD629531CB700987AE9 /* LinksModel.swift in Sources */ = {isa = PBXBuildFile; fileRef = C082FFD529531CB700987AE9 /* LinksModel.swift */; };
		C082FFDA29531D0700987AE9 /* RocketModel.swift in Sources */ = {isa = PBXBuildFile; fileRef = C082FFD929531D0700987AE9 /* RocketModel.swift */; };
		C082FFDD29532A1400987AE9 /* SpaceXService.swift in Sources */ = {isa = PBXBuildFile; fileRef = C082FFDC29532A1400987AE9 /* SpaceXService.swift */; };
		C0C59FCE2952033A00BBBA34 /* AppDelegate.swift in Sources */ = {isa = PBXBuildFile; fileRef = C0C59FCD2952033A00BBBA34 /* AppDelegate.swift */; };
		C0C59FD02952033A00BBBA34 /* SceneDelegate.swift in Sources */ = {isa = PBXBuildFile; fileRef = C0C59FCF2952033A00BBBA34 /* SceneDelegate.swift */; };
		C0C59FD22952033A00BBBA34 /* ViewController.swift in Sources */ = {isa = PBXBuildFile; fileRef = C0C59FD12952033A00BBBA34 /* ViewController.swift */; };
		C0C59FD52952033A00BBBA34 /* Main.storyboard in Resources */ = {isa = PBXBuildFile; fileRef = C0C59FD32952033A00BBBA34 /* Main.storyboard */; };
		C0C59FD72952033D00BBBA34 /* Assets.xcassets in Resources */ = {isa = PBXBuildFile; fileRef = C0C59FD62952033D00BBBA34 /* Assets.xcassets */; };
		C0C59FDA2952033D00BBBA34 /* LaunchScreen.storyboard in Resources */ = {isa = PBXBuildFile; fileRef = C0C59FD82952033D00BBBA34 /* LaunchScreen.storyboard */; };
/* End PBXBuildFile section */

/* Begin PBXFileReference section */
		C082FFD329531C5700987AE9 /* PostModel.swift */ = {isa = PBXFileReference; lastKnownFileType = sourcecode.swift; path = PostModel.swift; sourceTree = "<group>"; };
		C082FFD529531CB700987AE9 /* LinksModel.swift */ = {isa = PBXFileReference; lastKnownFileType = sourcecode.swift; path = LinksModel.swift; sourceTree = "<group>"; };
		C082FFD929531D0700987AE9 /* RocketModel.swift */ = {isa = PBXFileReference; lastKnownFileType = sourcecode.swift; path = RocketModel.swift; sourceTree = "<group>"; };
		C082FFDC29532A1400987AE9 /* SpaceXService.swift */ = {isa = PBXFileReference; lastKnownFileType = sourcecode.swift; path = SpaceXService.swift; sourceTree = "<group>"; };
		C0C59FCA2952033A00BBBA34 /* SpaceXAppWithMVVM.app */ = {isa = PBXFileReference; explicitFileType = wrapper.application; includeInIndex = 0; path = SpaceXAppWithMVVM.app; sourceTree = BUILT_PRODUCTS_DIR; };
		C0C59FCD2952033A00BBBA34 /* AppDelegate.swift */ = {isa = PBXFileReference; lastKnownFileType = sourcecode.swift; path = AppDelegate.swift; sourceTree = "<group>"; };
		C0C59FCF2952033A00BBBA34 /* SceneDelegate.swift */ = {isa = PBXFileReference; lastKnownFileType = sourcecode.swift; path = SceneDelegate.swift; sourceTree = "<group>"; };
		C0C59FD12952033A00BBBA34 /* ViewController.swift */ = {isa = PBXFileReference; lastKnownFileType = sourcecode.swift; path = ViewController.swift; sourceTree = "<group>"; };
		C0C59FD42952033A00BBBA34 /* Base */ = {isa = PBXFileReference; lastKnownFileType = file.storyboard; name = Base; path = Base.lproj/Main.storyboard; sourceTree = "<group>"; };
		C0C59FD62952033D00BBBA34 /* Assets.xcassets */ = {isa = PBXFileReference; lastKnownFileType = folder.assetcatalog; path = Assets.xcassets; sourceTree = "<group>"; };
		C0C59FD92952033D00BBBA34 /* Base */ = {isa = PBXFileReference; lastKnownFileType = file.storyboard; name = Base; path = Base.lproj/LaunchScreen.storyboard; sourceTree = "<group>"; };
		C0C59FDB2952033D00BBBA34 /* Info.plist */ = {isa = PBXFileReference; lastKnownFileType = text.plist.xml; path = Info.plist; sourceTree = "<group>"; };
/* End PBXFileReference section */

/* Begin PBXFrameworksBuildPhase section */
		C0C59FC72952033A00BBBA34 /* Frameworks */ = {
			isa = PBXFrameworksBuildPhase;
			buildActionMask = 2147483647;
			files = (
				C0586B3729532AD100623D05 /* Alamofire in Frameworks */,
			);
			runOnlyForDeploymentPostprocessing = 0;
		};
/* End PBXFrameworksBuildPhase section */

/* Begin PBXGroup section */
		C082FFDB295329F900987AE9 /* Service */ = {
			isa = PBXGroup;
			children = (
				C082FFDC29532A1400987AE9 /* SpaceXService.swift */,
			);
			path = Service;
			sourceTree = "<group>";
		};
		C0C59FC12952033A00BBBA34 = {
			isa = PBXGroup;
			children = (
				C0C59FCC2952033A00BBBA34 /* SpaceXAppWithMVVM */,
				C0C59FCB2952033A00BBBA34 /* Products */,
			);
			sourceTree = "<group>";
		};
		C0C59FCB2952033A00BBBA34 /* Products */ = {
			isa = PBXGroup;
			children = (
				C0C59FCA2952033A00BBBA34 /* SpaceXAppWithMVVM.app */,
			);
			name = Products;
			sourceTree = "<group>";
		};
		C0C59FCC2952033A00BBBA34 /* SpaceXAppWithMVVM */ = {
			isa = PBXGroup;
			children = (
				C082FFDB295329F900987AE9 /* Service */,
				C0C59FE22952036300BBBA34 /* Main */,
				C0C59FE32952036F00BBBA34 /* Detail */,
				C0C59FE12952035200BBBA34 /* Features */,
				C0C59FDB2952033D00BBBA34 /* Info.plist */,
			);
			path = SpaceXAppWithMVVM;
			sourceTree = "<group>";
		};
		C0C59FE12952035200BBBA34 /* Features */ = {
			isa = PBXGroup;
			children = (
				C0C59FCD2952033A00BBBA34 /* AppDelegate.swift */,
				C0C59FCF2952033A00BBBA34 /* SceneDelegate.swift */,
				C0C59FD12952033A00BBBA34 /* ViewController.swift */,
				C0C59FD32952033A00BBBA34 /* Main.storyboard */,
				C0C59FD62952033D00BBBA34 /* Assets.xcassets */,
				C0C59FD82952033D00BBBA34 /* LaunchScreen.storyboard */,
			);
			path = Features;
			sourceTree = "<group>";
		};
		C0C59FE22952036300BBBA34 /* Main */ = {
			isa = PBXGroup;
			children = (
				C0C59FE42952039000BBBA34 /* Model */,
				C0C59FE52952039700BBBA34 /* View */,
				C0C59FE6295203A900BBBA34 /* ViewModel */,
			);
			path = Main;
			sourceTree = "<group>";
		};
		C0C59FE32952036F00BBBA34 /* Detail */ = {
			isa = PBXGroup;
			children = (
				C0C59FE8295203FC00BBBA34 /* View */,
				C0C59FE92952040000BBBA34 /* ViewModel */,
			);
			path = Detail;
			sourceTree = "<group>";
		};
		C0C59FE42952039000BBBA34 /* Model */ = {
			isa = PBXGroup;
			children = (
				C082FFD329531C5700987AE9 /* PostModel.swift */,
				C082FFD529531CB700987AE9 /* LinksModel.swift */,
				C082FFD929531D0700987AE9 /* RocketModel.swift */,
			);
			path = Model;
			sourceTree = "<group>";
		};
		C0C59FE52952039700BBBA34 /* View */ = {
			isa = PBXGroup;
			children = (
			);
			path = View;
			sourceTree = "<group>";
		};
		C0C59FE6295203A900BBBA34 /* ViewModel */ = {
			isa = PBXGroup;
			children = (
			);
			path = ViewModel;
			sourceTree = "<group>";
		};
		C0C59FE8295203FC00BBBA34 /* View */ = {
			isa = PBXGroup;
			children = (
			);
			path = View;
			sourceTree = "<group>";
		};
		C0C59FE92952040000BBBA34 /* ViewModel */ = {
			isa = PBXGroup;
			children = (
			);
			path = ViewModel;
			sourceTree = "<group>";
		};
/* End PBXGroup section */

/* Begin PBXNativeTarget section */
		C0C59FC92952033A00BBBA34 /* SpaceXAppWithMVVM */ = {
			isa = PBXNativeTarget;
			buildConfigurationList = C0C59FDE2952033D00BBBA34 /* Build configuration list for PBXNativeTarget "SpaceXAppWithMVVM" */;
			buildPhases = (
				C0C59FC62952033A00BBBA34 /* Sources */,
				C0C59FC72952033A00BBBA34 /* Frameworks */,
				C0C59FC82952033A00BBBA34 /* Resources */,
			);
			buildRules = (
			);
			dependencies = (
			);
			name = SpaceXAppWithMVVM;
			packageProductDependencies = (
				C0586B3629532AD100623D05 /* Alamofire */,
			);
			productName = SpaceXAppWithMVVM;
			productReference = C0C59FCA2952033A00BBBA34 /* SpaceXAppWithMVVM.app */;
			productType = "com.apple.product-type.application";
		};
/* End PBXNativeTarget section */

/* Begin PBXProject section */
		C0C59FC22952033A00BBBA34 /* Project object */ = {
			isa = PBXProject;
			attributes = {
				BuildIndependentTargetsInParallel = 1;
				LastSwiftUpdateCheck = 1400;
				LastUpgradeCheck = 1400;
				TargetAttributes = {
					C0C59FC92952033A00BBBA34 = {
						CreatedOnToolsVersion = 14.0.1;
					};
				};
			};
			buildConfigurationList = C0C59FC52952033A00BBBA34 /* Build configuration list for PBXProject "SpaceXAppWithMVVM" */;
			compatibilityVersion = "Xcode 14.0";
			developmentRegion = en;
			hasScannedForEncodings = 0;
			knownRegions = (
				en,
				Base,
			);
			mainGroup = C0C59FC12952033A00BBBA34;
			packageReferences = (
				C0586B3529532AD100623D05 /* XCRemoteSwiftPackageReference "Alamofire" */,
			);
			productRefGroup = C0C59FCB2952033A00BBBA34 /* Products */;
			projectDirPath = "";
			projectRoot = "";
			targets = (
				C0C59FC92952033A00BBBA34 /* SpaceXAppWithMVVM */,
			);
		};
/* End PBXProject section */

/* Begin PBXResourcesBuildPhase section */
		C0C59FC82952033A00BBBA34 /* Resources */ = {
			isa = PBXResourcesBuildPhase;
			buildActionMask = 2147483647;
			files = (
				C0C59FDA2952033D00BBBA34 /* LaunchScreen.storyboard in Resources */,
				C0C59FD72952033D00BBBA34 /* Assets.xcassets in Resources */,
				C0C59FD52952033A00BBBA34 /* Main.storyboard in Resources */,
			);
			runOnlyForDeploymentPostprocessing = 0;
		};
/* End PBXResourcesBuildPhase section */

/* Begin PBXSourcesBuildPhase section */
		C0C59FC62952033A00BBBA34 /* Sources */ = {
			isa = PBXSourcesBuildPhase;
			buildActionMask = 2147483647;
			files = (
				C0C59FD22952033A00BBBA34 /* ViewController.swift in Sources */,
				C082FFDD29532A1400987AE9 /* SpaceXService.swift in Sources */,
				C082FFD429531C5700987AE9 /* PostModel.swift in Sources */,
				C082FFD629531CB700987AE9 /* LinksModel.swift in Sources */,
				C082FFDA29531D0700987AE9 /* RocketModel.swift in Sources */,
				C0C59FCE2952033A00BBBA34 /* AppDelegate.swift in Sources */,
				C0C59FD02952033A00BBBA34 /* SceneDelegate.swift in Sources */,
			);
			runOnlyForDeploymentPostprocessing = 0;
		};
/* End PBXSourcesBuildPhase section */

/* Begin PBXVariantGroup section */
		C0C59FD32952033A00BBBA34 /* Main.storyboard */ = {
			isa = PBXVariantGroup;
			children = (
				C0C59FD42952033A00BBBA34 /* Base */,
			);
			name = Main.storyboard;
			sourceTree = "<group>";
		};
		C0C59FD82952033D00BBBA34 /* LaunchScreen.storyboard */ = {
			isa = PBXVariantGroup;
			children = (
				C0C59FD92952033D00BBBA34 /* Base */,
			);
			name = LaunchScreen.storyboard;
			sourceTree = "<group>";
		};
/* End PBXVariantGroup section */

/* Begin XCBuildConfiguration section */
		C0C59FDC2952033D00BBBA34 /* Debug */ = {
			isa = XCBuildConfiguration;
			buildSettings = {
				ALWAYS_SEARCH_USER_PATHS = NO;
				CLANG_ANALYZER_NONNULL = YES;
				CLANG_ANALYZER_NUMBER_OBJECT_CONVERSION = YES_AGGRESSIVE;
				CLANG_CXX_LANGUAGE_STANDARD = "gnu++20";
				CLANG_ENABLE_MODULES = YES;
				CLANG_ENABLE_OBJC_ARC = YES;
				CLANG_ENABLE_OBJC_WEAK = YES;
				CLANG_WARN_BLOCK_CAPTURE_AUTORELEASING = YES;
				CLANG_WARN_BOOL_CONVERSION = YES;
				CLANG_WARN_COMMA = YES;
				CLANG_WARN_CONSTANT_CONVERSION = YES;
				CLANG_WARN_DEPRECATED_OBJC_IMPLEMENTATIONS = YES;
				CLANG_WARN_DIRECT_OBJC_ISA_USAGE = YES_ERROR;
				CLANG_WARN_DOCUMENTATION_COMMENTS = YES;
				CLANG_WARN_EMPTY_BODY = YES;
				CLANG_WARN_ENUM_CONVERSION = YES;
				CLANG_WARN_INFINITE_RECURSION = YES;
				CLANG_WARN_INT_CONVERSION = YES;
				CLANG_WARN_NON_LITERAL_NULL_CONVERSION = YES;
				CLANG_WARN_OBJC_IMPLICIT_RETAIN_SELF = YES;
				CLANG_WARN_OBJC_LITERAL_CONVERSION = YES;
				CLANG_WARN_OBJC_ROOT_CLASS = YES_ERROR;
				CLANG_WARN_QUOTED_INCLUDE_IN_FRAMEWORK_HEADER = YES;
				CLANG_WARN_RANGE_LOOP_ANALYSIS = YES;
				CLANG_WARN_STRICT_PROTOTYPES = YES;
				CLANG_WARN_SUSPICIOUS_MOVE = YES;
				CLANG_WARN_UNGUARDED_AVAILABILITY = YES_AGGRESSIVE;
				CLANG_WARN_UNREACHABLE_CODE = YES;
				CLANG_WARN__DUPLICATE_METHOD_MATCH = YES;
				COPY_PHASE_STRIP = NO;
				DEBUG_INFORMATION_FORMAT = dwarf;
				ENABLE_STRICT_OBJC_MSGSEND = YES;
				ENABLE_TESTABILITY = YES;
				GCC_C_LANGUAGE_STANDARD = gnu11;
				GCC_DYNAMIC_NO_PIC = NO;
				GCC_NO_COMMON_BLOCKS = YES;
				GCC_OPTIMIZATION_LEVEL = 0;
				GCC_PREPROCESSOR_DEFINITIONS = (
					"DEBUG=1",
					"$(inherited)",
				);
				GCC_WARN_64_TO_32_BIT_CONVERSION = YES;
				GCC_WARN_ABOUT_RETURN_TYPE = YES_ERROR;
				GCC_WARN_UNDECLARED_SELECTOR = YES;
				GCC_WARN_UNINITIALIZED_AUTOS = YES_AGGRESSIVE;
				GCC_WARN_UNUSED_FUNCTION = YES;
				GCC_WARN_UNUSED_VARIABLE = YES;
				IPHONEOS_DEPLOYMENT_TARGET = 16.0;
				MTL_ENABLE_DEBUG_INFO = INCLUDE_SOURCE;
				MTL_FAST_MATH = YES;
				ONLY_ACTIVE_ARCH = YES;
				SDKROOT = iphoneos;
				SWIFT_ACTIVE_COMPILATION_CONDITIONS = DEBUG;
				SWIFT_OPTIMIZATION_LEVEL = "-Onone";
			};
			name = Debug;
		};
		C0C59FDD2952033D00BBBA34 /* Release */ = {
			isa = XCBuildConfiguration;
			buildSettings = {
				ALWAYS_SEARCH_USER_PATHS = NO;
				CLANG_ANALYZER_NONNULL = YES;
				CLANG_ANALYZER_NUMBER_OBJECT_CONVERSION = YES_AGGRESSIVE;
				CLANG_CXX_LANGUAGE_STANDARD = "gnu++20";
				CLANG_ENABLE_MODULES = YES;
				CLANG_ENABLE_OBJC_ARC = YES;
				CLANG_ENABLE_OBJC_WEAK = YES;
				CLANG_WARN_BLOCK_CAPTURE_AUTORELEASING = YES;
				CLANG_WARN_BOOL_CONVERSION = YES;
				CLANG_WARN_COMMA = YES;
				CLANG_WARN_CONSTANT_CONVERSION = YES;
				CLANG_WARN_DEPRECATED_OBJC_IMPLEMENTATIONS = YES;
				CLANG_WARN_DIRECT_OBJC_ISA_USAGE = YES_ERROR;
				CLANG_WARN_DOCUMENTATION_COMMENTS = YES;
				CLANG_WARN_EMPTY_BODY = YES;
				CLANG_WARN_ENUM_CONVERSION = YES;
				CLANG_WARN_INFINITE_RECURSION = YES;
				CLANG_WARN_INT_CONVERSION = YES;
				CLANG_WARN_NON_LITERAL_NULL_CONVERSION = YES;
				CLANG_WARN_OBJC_IMPLICIT_RETAIN_SELF = YES;
				CLANG_WARN_OBJC_LITERAL_CONVERSION = YES;
				CLANG_WARN_OBJC_ROOT_CLASS = YES_ERROR;
				CLANG_WARN_QUOTED_INCLUDE_IN_FRAMEWORK_HEADER = YES;
				CLANG_WARN_RANGE_LOOP_ANALYSIS = YES;
				CLANG_WARN_STRICT_PROTOTYPES = YES;
				CLANG_WARN_SUSPICIOUS_MOVE = YES;
				CLANG_WARN_UNGUARDED_AVAILABILITY = YES_AGGRESSIVE;
				CLANG_WARN_UNREACHABLE_CODE = YES;
				CLANG_WARN__DUPLICATE_METHOD_MATCH = YES;
				COPY_PHASE_STRIP = NO;
				DEBUG_INFORMATION_FORMAT = "dwarf-with-dsym";
				ENABLE_NS_ASSERTIONS = NO;
				ENABLE_STRICT_OBJC_MSGSEND = YES;
				GCC_C_LANGUAGE_STANDARD = gnu11;
				GCC_NO_COMMON_BLOCKS = YES;
				GCC_WARN_64_TO_32_BIT_CONVERSION = YES;
				GCC_WARN_ABOUT_RETURN_TYPE = YES_ERROR;
				GCC_WARN_UNDECLARED_SELECTOR = YES;
				GCC_WARN_UNINITIALIZED_AUTOS = YES_AGGRESSIVE;
				GCC_WARN_UNUSED_FUNCTION = YES;
				GCC_WARN_UNUSED_VARIABLE = YES;
				IPHONEOS_DEPLOYMENT_TARGET = 16.0;
				MTL_ENABLE_DEBUG_INFO = NO;
				MTL_FAST_MATH = YES;
				SDKROOT = iphoneos;
				SWIFT_COMPILATION_MODE = wholemodule;
				SWIFT_OPTIMIZATION_LEVEL = "-O";
				VALIDATE_PRODUCT = YES;
			};
			name = Release;
		};
		C0C59FDF2952033D00BBBA34 /* Debug */ = {
			isa = XCBuildConfiguration;
			buildSettings = {
				ASSETCATALOG_COMPILER_APPICON_NAME = AppIcon;
				ASSETCATALOG_COMPILER_GLOBAL_ACCENT_COLOR_NAME = AccentColor;
				CODE_SIGN_STYLE = Automatic;
				CURRENT_PROJECT_VERSION = 1;
				GENERATE_INFOPLIST_FILE = YES;
				INFOPLIST_FILE = SpaceXAppWithMVVM/Info.plist;
				INFOPLIST_KEY_UIApplicationSupportsIndirectInputEvents = YES;
				INFOPLIST_KEY_UILaunchStoryboardName = LaunchScreen;
				INFOPLIST_KEY_UIMainStoryboardFile = Main;
				INFOPLIST_KEY_UISupportedInterfaceOrientations_iPad = "UIInterfaceOrientationPortrait UIInterfaceOrientationPortraitUpsideDown UIInterfaceOrientationLandscapeLeft UIInterfaceOrientationLandscapeRight";
				INFOPLIST_KEY_UISupportedInterfaceOrientations_iPhone = "UIInterfaceOrientationPortrait UIInterfaceOrientationLandscapeLeft UIInterfaceOrientationLandscapeRight";
				LD_RUNPATH_SEARCH_PATHS = (
					"$(inherited)",
					"@executable_path/Frameworks",
				);
				MARKETING_VERSION = 1.0;
				PRODUCT_BUNDLE_IDENTIFIER = info.SpaceXAppWithMVVM;
				PRODUCT_NAME = "$(TARGET_NAME)";
				SWIFT_EMIT_LOC_STRINGS = YES;
				SWIFT_VERSION = 5.0;
				TARGETED_DEVICE_FAMILY = "1,2";
			};
			name = Debug;
		};
		C0C59FE02952033D00BBBA34 /* Release */ = {
			isa = XCBuildConfiguration;
			buildSettings = {
				ASSETCATALOG_COMPILER_APPICON_NAME = AppIcon;
				ASSETCATALOG_COMPILER_GLOBAL_ACCENT_COLOR_NAME = AccentColor;
				CODE_SIGN_STYLE = Automatic;
				CURRENT_PROJECT_VERSION = 1;
				GENERATE_INFOPLIST_FILE = YES;
				INFOPLIST_FILE = SpaceXAppWithMVVM/Info.plist;
				INFOPLIST_KEY_UIApplicationSupportsIndirectInputEvents = YES;
				INFOPLIST_KEY_UILaunchStoryboardName = LaunchScreen;
				INFOPLIST_KEY_UIMainStoryboardFile = Main;
				INFOPLIST_KEY_UISupportedInterfaceOrientations_iPad = "UIInterfaceOrientationPortrait UIInterfaceOrientationPortraitUpsideDown UIInterfaceOrientationLandscapeLeft UIInterfaceOrientationLandscapeRight";
				INFOPLIST_KEY_UISupportedInterfaceOrientations_iPhone = "UIInterfaceOrientationPortrait UIInterfaceOrientationLandscapeLeft UIInterfaceOrientationLandscapeRight";
				LD_RUNPATH_SEARCH_PATHS = (
					"$(inherited)",
					"@executable_path/Frameworks",
				);
				MARKETING_VERSION = 1.0;
				PRODUCT_BUNDLE_IDENTIFIER = info.SpaceXAppWithMVVM;
				PRODUCT_NAME = "$(TARGET_NAME)";
				SWIFT_EMIT_LOC_STRINGS = YES;
				SWIFT_VERSION = 5.0;
				TARGETED_DEVICE_FAMILY = "1,2";
			};
			name = Release;
		};
/* End XCBuildConfiguration section */

/* Begin XCConfigurationList section */
		C0C59FC52952033A00BBBA34 /* Build configuration list for PBXProject "SpaceXAppWithMVVM" */ = {
			isa = XCConfigurationList;
			buildConfigurations = (
				C0C59FDC2952033D00BBBA34 /* Debug */,
				C0C59FDD2952033D00BBBA34 /* Release */,
			);
			defaultConfigurationIsVisible = 0;
			defaultConfigurationName = Release;
		};
		C0C59FDE2952033D00BBBA34 /* Build configuration list for PBXNativeTarget "SpaceXAppWithMVVM" */ = {
			isa = XCConfigurationList;
			buildConfigurations = (
				C0C59FDF2952033D00BBBA34 /* Debug */,
				C0C59FE02952033D00BBBA34 /* Release */,
			);
			defaultConfigurationIsVisible = 0;
			defaultConfigurationName = Release;
		};
/* End XCConfigurationList section */

/* Begin XCRemoteSwiftPackageReference section */
		C0586B3529532AD100623D05 /* XCRemoteSwiftPackageReference "Alamofire" */ = {
			isa = XCRemoteSwiftPackageReference;
			repositoryURL = "https://github.com/Alamofire/Alamofire.git";
			requirement = {
				branch = master;
				kind = branch;
			};
		};
/* End XCRemoteSwiftPackageReference section */

/* Begin XCSwiftPackageProductDependency section */
		C0586B3629532AD100623D05 /* Alamofire */ = {
			isa = XCSwiftPackageProductDependency;
			package = C0586B3529532AD100623D05 /* XCRemoteSwiftPackageReference "Alamofire" */;
			productName = Alamofire;
		};
/* End XCSwiftPackageProductDependency section */
	};
	rootObject = C0C59FC22952033A00BBBA34 /* Project object */;
}
